
Microsoft Visual Studio Solution File, Format Version 12.00
# Visual Studio Version 16
VisualStudioVersion = 16.0.30804.86
MinimumVisualStudioVersion = 10.0.40219.1
Project("{FAE04EC0-301F-11D3-BF4B-00C04F79EFBC}") = "WinFormUI", "WinFormUI\WinFormUI.csproj", "{D8EFF274-BD48-40AB-8064-7997761E11CA}"
EndProject
Global
	GlobalSection(SolutionConfigurationPlatforms) = preSolution
		Debug|Any CPU = Debug|Any CPU
		Release|Any CPU = Release|Any CPU
	EndGlobalSection
	GlobalSection(ProjectConfigurationPlatforms) = postSolution
		{D8EFF274-BD48-40AB-8064-7997761E11CA}.Debug|Any CPU.ActiveCfg = Debug|Any CPU
		{D8EFF274-BD48-40AB-8064-7997761E11CA}.Debug|Any CPU.Build.0 = Debug|Any CPU
		{D8EFF274-BD48-40AB-8064-7997761E11CA}.Release|Any CPU.ActiveCfg = Release|Any CPU
		{D8EFF274-BD48-40AB-8064-7997761E11CA}.Release|Any CPU.Build.0 = Release|Any CPU
	EndGlobalSection
	GlobalSection(SolutionProperties) = preSolution
		HideSolutionNode = FALSE
	EndGlobalSection
	GlobalSection(ExtensibilityGlobals) = postSolution
		SolutionGuid = {904FC3F9-851A-4067-809A-6E4B6CFBD3EE}
	EndGlobalSection
EndGlobal
